// !$*UTF8*$!
{
	archiveVersion = 1;
	classes = {
	};
	objectVersion = 46;
	objects = {

/* Begin PBXBuildFile section */
		2F086C7A1C17FCDA009D4F60 /* AFHTTPRequestOperation.m in Sources */ = {isa = PBXBuildFile; fileRef = 2F086C671C17FCDA009D4F60 /* AFHTTPRequestOperation.m */; };
		2F086C7B1C17FCDA009D4F60 /* AFHTTPRequestOperationManager.m in Sources */ = {isa = PBXBuildFile; fileRef = 2F086C691C17FCDA009D4F60 /* AFHTTPRequestOperationManager.m */; };
		2F086C7C1C17FCDA009D4F60 /* AFHTTPSessionManager.m in Sources */ = {isa = PBXBuildFile; fileRef = 2F086C6B1C17FCDA009D4F60 /* AFHTTPSessionManager.m */; };
		2F086C7D1C17FCDA009D4F60 /* AFNetworkReachabilityManager.m in Sources */ = {isa = PBXBuildFile; fileRef = 2F086C6E1C17FCDA009D4F60 /* AFNetworkReachabilityManager.m */; };
		2F086C7E1C17FCDA009D4F60 /* AFSecurityPolicy.m in Sources */ = {isa = PBXBuildFile; fileRef = 2F086C701C17FCDA009D4F60 /* AFSecurityPolicy.m */; };
		2F086C7F1C17FCDA009D4F60 /* AFURLConnectionOperation.m in Sources */ = {isa = PBXBuildFile; fileRef = 2F086C721C17FCDA009D4F60 /* AFURLConnectionOperation.m */; };
		2F086C801C17FCDA009D4F60 /* AFURLRequestSerialization.m in Sources */ = {isa = PBXBuildFile; fileRef = 2F086C741C17FCDA009D4F60 /* AFURLRequestSerialization.m */; };
		2F086C811C17FCDA009D4F60 /* AFURLResponseSerialization.m in Sources */ = {isa = PBXBuildFile; fileRef = 2F086C761C17FCDA009D4F60 /* AFURLResponseSerialization.m */; };
		2F086C821C17FCDA009D4F60 /* AFURLSessionManager.m in Sources */ = {isa = PBXBuildFile; fileRef = 2F086C781C17FCDA009D4F60 /* AFURLSessionManager.m */; };
		2F086C841C17FEF7009D4F60 /* client.key.cer in Resources */ = {isa = PBXBuildFile; fileRef = 2F086C831C17FEF7009D4F60 /* client.key.cer */; };
		2F086C871C180B20009D4F60 /* NSURLRequest+IgnoreSSL.m in Sources */ = {isa = PBXBuildFile; fileRef = 2F086C861C180B20009D4F60 /* NSURLRequest+IgnoreSSL.m */; };
		2F8AC8281C166997005D6277 /* main.m in Sources */ = {isa = PBXBuildFile; fileRef = 2F8AC8271C166997005D6277 /* main.m */; };
		2F8AC82B1C166997005D6277 /* AppDelegate.m in Sources */ = {isa = PBXBuildFile; fileRef = 2F8AC82A1C166997005D6277 /* AppDelegate.m */; };
		2F8AC82E1C166997005D6277 /* ViewController.m in Sources */ = {isa = PBXBuildFile; fileRef = 2F8AC82D1C166997005D6277 /* ViewController.m */; };
		2F8AC8311C166997005D6277 /* Main.storyboard in Resources */ = {isa = PBXBuildFile; fileRef = 2F8AC82F1C166997005D6277 /* Main.storyboard */; };
		2F8AC8331C166997005D6277 /* Assets.xcassets in Resources */ = {isa = PBXBuildFile; fileRef = 2F8AC8321C166997005D6277 /* Assets.xcassets */; };
		2F8AC8361C166997005D6277 /* LaunchScreen.storyboard in Resources */ = {isa = PBXBuildFile; fileRef = 2F8AC8341C166997005D6277 /* LaunchScreen.storyboard */; };
		2F8AC8411C166997005D6277 /* HTTPS_TESTTests.m in Sources */ = {isa = PBXBuildFile; fileRef = 2F8AC8401C166997005D6277 /* HTTPS_TESTTests.m */; };
		2F8AC84C1C166997005D6277 /* HTTPS_TESTUITests.m in Sources */ = {isa = PBXBuildFile; fileRef = 2F8AC84B1C166997005D6277 /* HTTPS_TESTUITests.m */; };
/* End PBXBuildFile section */

/* Begin PBXContainerItemProxy section */
		2F8AC83D1C166997005D6277 /* PBXContainerItemProxy */ = {
			isa = PBXContainerItemProxy;
			containerPortal = 2F8AC81B1C166996005D6277 /* Project object */;
			proxyType = 1;
			remoteGlobalIDString = 2F8AC8221C166996005D6277;
			remoteInfo = HTTPS_TEST;
		};
		2F8AC8481C166997005D6277 /* PBXContainerItemProxy */ = {
			isa = PBXContainerItemProxy;
			containerPortal = 2F8AC81B1C166996005D6277 /* Project object */;
			proxyType = 1;
			remoteGlobalIDString = 2F8AC8221C166996005D6277;
			remoteInfo = HTTPS_TEST;
		};
/* End PBXContainerItemProxy section */

/* Begin PBXFileReference section */
		2F086C661C17FCDA009D4F60 /* AFHTTPRequestOperation.h */ = {isa = PBXFileReference; fileEncoding = 4; lastKnownFileType = sourcecode.c.h; path = AFHTTPRequestOperation.h; sourceTree = "<group>"; };
		2F086C671C17FCDA009D4F60 /* AFHTTPRequestOperation.m */ = {isa = PBXFileReference; fileEncoding = 4; lastKnownFileType = sourcecode.c.objc; path = AFHTTPRequestOperation.m; sourceTree = "<group>"; };
		2F086C681C17FCDA009D4F60 /* AFHTTPRequestOperationManager.h */ = {isa = PBXFileReference; fileEncoding = 4; lastKnownFileType = sourcecode.c.h; path = AFHTTPRequestOperationManager.h; sourceTree = "<group>"; };
		2F086C691C17FCDA009D4F60 /* AFHTTPRequestOperationManager.m */ = {isa = PBXFileReference; fileEncoding = 4; lastKnownFileType = sourcecode.c.objc; path = AFHTTPRequestOperationManager.m; sourceTree = "<group>"; };
		2F086C6A1C17FCDA009D4F60 /* AFHTTPSessionManager.h */ = {isa = PBXFileReference; fileEncoding = 4; lastKnownFileType = sourcecode.c.h; path = AFHTTPSessionManager.h; sourceTree = "<group>"; };
		2F086C6B1C17FCDA009D4F60 /* AFHTTPSessionManager.m */ = {isa = PBXFileReference; fileEncoding = 4; lastKnownFileType = sourcecode.c.objc; path = AFHTTPSessionManager.m; sourceTree = "<group>"; };
		2F086C6C1C17FCDA009D4F60 /* AFNetworking.h */ = {isa = PBXFileReference; fileEncoding = 4; lastKnownFileType = sourcecode.c.h; path = AFNetworking.h; sourceTree = "<group>"; };
		2F086C6D1C17FCDA009D4F60 /* AFNetworkReachabilityManager.h */ = {isa = PBXFileReference; fileEncoding = 4; lastKnownFileType = sourcecode.c.h; path = AFNetworkReachabilityManager.h; sourceTree = "<group>"; };
		2F086C6E1C17FCDA009D4F60 /* AFNetworkReachabilityManager.m */ = {isa = PBXFileReference; fileEncoding = 4; lastKnownFileType = sourcecode.c.objc; path = AFNetworkReachabilityManager.m; sourceTree = "<group>"; };
		2F086C6F1C17FCDA009D4F60 /* AFSecurityPolicy.h */ = {isa = PBXFileReference; fileEncoding = 4; lastKnownFileType = sourcecode.c.h; path = AFSecurityPolicy.h; sourceTree = "<group>"; };
		2F086C701C17FCDA009D4F60 /* AFSecurityPolicy.m */ = {isa = PBXFileReference; fileEncoding = 4; lastKnownFileType = sourcecode.c.objc; path = AFSecurityPolicy.m; sourceTree = "<group>"; };
		2F086C711C17FCDA009D4F60 /* AFURLConnectionOperation.h */ = {isa = PBXFileReference; fileEncoding = 4; lastKnownFileType = sourcecode.c.h; path = AFURLConnectionOperation.h; sourceTree = "<group>"; };
		2F086C721C17FCDA009D4F60 /* AFURLConnectionOperation.m */ = {isa = PBXFileReference; fileEncoding = 4; lastKnownFileType = sourcecode.c.objc; path = AFURLConnectionOperation.m; sourceTree = "<group>"; };
		2F086C731C17FCDA009D4F60 /* AFURLRequestSerialization.h */ = {isa = PBXFileReference; fileEncoding = 4; lastKnownFileType = sourcecode.c.h; path = AFURLRequestSerialization.h; sourceTree = "<group>"; };
		2F086C741C17FCDA009D4F60 /* AFURLRequestSerialization.m */ = {isa = PBXFileReference; fileEncoding = 4; lastKnownFileType = sourcecode.c.objc; path = AFURLRequestSerialization.m; sourceTree = "<group>"; };
		2F086C751C17FCDA009D4F60 /* AFURLResponseSerialization.h */ = {isa = PBXFileReference; fileEncoding = 4; lastKnownFileType = sourcecode.c.h; path = AFURLResponseSerialization.h; sourceTree = "<group>"; };
		2F086C761C17FCDA009D4F60 /* AFURLResponseSerialization.m */ = {isa = PBXFileReference; fileEncoding = 4; lastKnownFileType = sourcecode.c.objc; path = AFURLResponseSerialization.m; sourceTree = "<group>"; };
		2F086C771C17FCDA009D4F60 /* AFURLSessionManager.h */ = {isa = PBXFileReference; fileEncoding = 4; lastKnownFileType = sourcecode.c.h; path = AFURLSessionManager.h; sourceTree = "<group>"; };
		2F086C781C17FCDA009D4F60 /* AFURLSessionManager.m */ = {isa = PBXFileReference; fileEncoding = 4; lastKnownFileType = sourcecode.c.objc; path = AFURLSessionManager.m; sourceTree = "<group>"; };
		2F086C831C17FEF7009D4F60 /* client.key.cer */ = {isa = PBXFileReference; fileEncoding = 4; lastKnownFileType = text; path = client.key.cer; sourceTree = "<group>"; };
		2F086C851C180B20009D4F60 /* NSURLRequest+IgnoreSSL.h */ = {isa = PBXFileReference; fileEncoding = 4; lastKnownFileType = sourcecode.c.h; path = "NSURLRequest+IgnoreSSL.h"; sourceTree = "<group>"; };
		2F086C861C180B20009D4F60 /* NSURLRequest+IgnoreSSL.m */ = {isa = PBXFileReference; fileEncoding = 4; lastKnownFileType = sourcecode.c.objc; path = "NSURLRequest+IgnoreSSL.m"; sourceTree = "<group>"; };
		2F8AC8231C166997005D6277 /* HTTPS_TEST.app */ = {isa = PBXFileReference; explicitFileType = wrapper.application; includeInIndex = 0; path = HTTPS_TEST.app; sourceTree = BUILT_PRODUCTS_DIR; };
		2F8AC8271C166997005D6277 /* main.m */ = {isa = PBXFileReference; lastKnownFileType = sourcecode.c.objc; path = main.m; sourceTree = "<group>"; };
		2F8AC8291C166997005D6277 /* AppDelegate.h */ = {isa = PBXFileReference; lastKnownFileType = sourcecode.c.h; path = AppDelegate.h; sourceTree = "<group>"; };
		2F8AC82A1C166997005D6277 /* AppDelegate.m */ = {isa = PBXFileReference; lastKnownFileType = sourcecode.c.objc; path = AppDelegate.m; sourceTree = "<group>"; };
		2F8AC82C1C166997005D6277 /* ViewController.h */ = {isa = PBXFileReference; lastKnownFileType = sourcecode.c.h; path = ViewController.h; sourceTree = "<group>"; };
		2F8AC82D1C166997005D6277 /* ViewController.m */ = {isa = PBXFileReference; lastKnownFileType = sourcecode.c.objc; path = ViewController.m; sourceTree = "<group>"; };
		2F8AC8301C166997005D6277 /* Base */ = {isa = PBXFileReference; lastKnownFileType = file.storyboard; name = Base; path = Base.lproj/Main.storyboard; sourceTree = "<group>"; };
		2F8AC8321C166997005D6277 /* Assets.xcassets */ = {isa = PBXFileReference; lastKnownFileType = folder.assetcatalog; path = Assets.xcassets; sourceTree = "<group>"; };
		2F8AC8351C166997005D6277 /* Base */ = {isa = PBXFileReference; lastKnownFileType = file.storyboard; name = Base; path = Base.lproj/LaunchScreen.storyboard; sourceTree = "<group>"; };
		2F8AC8371C166997005D6277 /* Info.plist */ = {isa = PBXFileReference; lastKnownFileType = text.plist.xml; path = Info.plist; sourceTree = "<group>"; };
		2F8AC83C1C166997005D6277 /* HTTPS_TESTTests.xctest */ = {isa = PBXFileReference; explicitFileType = wrapper.cfbundle; includeInIndex = 0; path = HTTPS_TESTTests.xctest; sourceTree = BUILT_PRODUCTS_DIR; };
		2F8AC8401C166997005D6277 /* HTTPS_TESTTests.m */ = {isa = PBXFileReference; lastKnownFileType = sourcecode.c.objc; path = HTTPS_TESTTests.m; sourceTree = "<group>"; };
		2F8AC8421C166997005D6277 /* Info.plist */ = {isa = PBXFileReference; lastKnownFileType = text.plist.xml; path = Info.plist; sourceTree = "<group>"; };
		2F8AC8471C166997005D6277 /* HTTPS_TESTUITests.xctest */ = {isa = PBXFileReference; explicitFileType = wrapper.cfbundle; includeInIndex = 0; path = HTTPS_TESTUITests.xctest; sourceTree = BUILT_PRODUCTS_DIR; };
		2F8AC84B1C166997005D6277 /* HTTPS_TESTUITests.m */ = {isa = PBXFileReference; lastKnownFileType = sourcecode.c.objc; path = HTTPS_TESTUITests.m; sourceTree = "<group>"; };
		2F8AC84D1C166997005D6277 /* Info.plist */ = {isa = PBXFileReference; lastKnownFileType = text.plist.xml; path = Info.plist; sourceTree = "<group>"; };
/* End PBXFileReference section */

/* Begin PBXFrameworksBuildPhase section */
		2F8AC8201C166996005D6277 /* Frameworks */ = {
			isa = PBXFrameworksBuildPhase;
			buildActionMask = 2147483647;
			files = (
			);
			runOnlyForDeploymentPostprocessing = 0;
		};
		2F8AC8391C166997005D6277 /* Frameworks */ = {
			isa = PBXFrameworksBuildPhase;
			buildActionMask = 2147483647;
			files = (
			);
			runOnlyForDeploymentPostprocessing = 0;
		};
		2F8AC8441C166997005D6277 /* Frameworks */ = {
			isa = PBXFrameworksBuildPhase;
			buildActionMask = 2147483647;
			files = (
			);
			runOnlyForDeploymentPostprocessing = 0;
		};
/* End PBXFrameworksBuildPhase section */

/* Begin PBXGroup section */
		2F086C791C17FCDA009D4F60 /* AFNetworking */ = {
			isa = PBXGroup;
			children = (
				2F086C661C17FCDA009D4F60 /* AFHTTPRequestOperation.h */,
				2F086C671C17FCDA009D4F60 /* AFHTTPRequestOperation.m */,
				2F086C681C17FCDA009D4F60 /* AFHTTPRequestOperationManager.h */,
				2F086C691C17FCDA009D4F60 /* AFHTTPRequestOperationManager.m */,
				2F086C6A1C17FCDA009D4F60 /* AFHTTPSessionManager.h */,
				2F086C6B1C17FCDA009D4F60 /* AFHTTPSessionManager.m */,
				2F086C6C1C17FCDA009D4F60 /* AFNetworking.h */,
				2F086C6D1C17FCDA009D4F60 /* AFNetworkReachabilityManager.h */,
				2F086C6E1C17FCDA009D4F60 /* AFNetworkReachabilityManager.m */,
				2F086C6F1C17FCDA009D4F60 /* AFSecurityPolicy.h */,
				2F086C701C17FCDA009D4F60 /* AFSecurityPolicy.m */,
				2F086C711C17FCDA009D4F60 /* AFURLConnectionOperation.h */,
				2F086C721C17FCDA009D4F60 /* AFURLConnectionOperation.m */,
				2F086C731C17FCDA009D4F60 /* AFURLRequestSerialization.h */,
				2F086C741C17FCDA009D4F60 /* AFURLRequestSerialization.m */,
				2F086C751C17FCDA009D4F60 /* AFURLResponseSerialization.h */,
				2F086C761C17FCDA009D4F60 /* AFURLResponseSerialization.m */,
				2F086C771C17FCDA009D4F60 /* AFURLSessionManager.h */,
				2F086C781C17FCDA009D4F60 /* AFURLSessionManager.m */,
			);
			name = AFNetworking;
			path = "../../../../../Volumes/JING/49-项目重构副本/黑马微博2期/Classes/Main(主要)/Lib/AFNetworking";
			sourceTree = "<group>";
		};
		2F8AC81A1C166996005D6277 = {
			isa = PBXGroup;
			children = (
				2F8AC8251C166997005D6277 /* HTTPS_TEST */,
				2F8AC83F1C166997005D6277 /* HTTPS_TESTTests */,
				2F8AC84A1C166997005D6277 /* HTTPS_TESTUITests */,
				2F8AC8241C166997005D6277 /* Products */,
			);
			sourceTree = "<group>";
		};
		2F8AC8241C166997005D6277 /* Products */ = {
			isa = PBXGroup;
			children = (
				2F8AC8231C166997005D6277 /* HTTPS_TEST.app */,
				2F8AC83C1C166997005D6277 /* HTTPS_TESTTests.xctest */,
				2F8AC8471C166997005D6277 /* HTTPS_TESTUITests.xctest */,
			);
			name = Products;
			sourceTree = "<group>";
		};
		2F8AC8251C166997005D6277 /* HTTPS_TEST */ = {
			isa = PBXGroup;
			children = (
				2F8AC8291C166997005D6277 /* AppDelegate.h */,
				2F8AC82A1C166997005D6277 /* AppDelegate.m */,
				2F8AC82C1C166997005D6277 /* ViewController.h */,
				2F8AC82D1C166997005D6277 /* ViewController.m */,
				2F8AC82F1C166997005D6277 /* Main.storyboard */,
				2F086C791C17FCDA009D4F60 /* AFNetworking */,
				2F8AC8321C166997005D6277 /* Assets.xcassets */,
				2F086C831C17FEF7009D4F60 /* client.key.cer */,
				2F8AC8341C166997005D6277 /* LaunchScreen.storyboard */,
				2F8AC8371C166997005D6277 /* Info.plist */,
				2F8AC8261C166997005D6277 /* Supporting Files */,
				2F086C851C180B20009D4F60 /* NSURLRequest+IgnoreSSL.h */,
				2F086C861C180B20009D4F60 /* NSURLRequest+IgnoreSSL.m */,
			);
			path = HTTPS_TEST;
			sourceTree = "<group>";
		};
		2F8AC8261C166997005D6277 /* Supporting Files */ = {
			isa = PBXGroup;
			children = (
				2F8AC8271C166997005D6277 /* main.m */,
			);
			name = "Supporting Files";
			sourceTree = "<group>";
		};
		2F8AC83F1C166997005D6277 /* HTTPS_TESTTests */ = {
			isa = PBXGroup;
			children = (
				2F8AC8401C166997005D6277 /* HTTPS_TESTTests.m */,
				2F8AC8421C166997005D6277 /* Info.plist */,
			);
			path = HTTPS_TESTTests;
			sourceTree = "<group>";
		};
		2F8AC84A1C166997005D6277 /* HTTPS_TESTUITests */ = {
			isa = PBXGroup;
			children = (
				2F8AC84B1C166997005D6277 /* HTTPS_TESTUITests.m */,
				2F8AC84D1C166997005D6277 /* Info.plist */,
			);
			path = HTTPS_TESTUITests;
			sourceTree = "<group>";
		};
/* End PBXGroup section */

/* Begin PBXNativeTarget section */
		2F8AC8221C166996005D6277 /* HTTPS_TEST */ = {
			isa = PBXNativeTarget;
			buildConfigurationList = 2F8AC8501C166997005D6277 /* Build configuration list for PBXNativeTarget "HTTPS_TEST" */;
			buildPhases = (
				2F8AC81F1C166996005D6277 /* Sources */,
				2F8AC8201C166996005D6277 /* Frameworks */,
				2F8AC8211C166996005D6277 /* Resources */,
			);
			buildRules = (
			);
			dependencies = (
			);
			name = HTTPS_TEST;
			productName = HTTPS_TEST;
			productReference = 2F8AC8231C166997005D6277 /* HTTPS_TEST.app */;
			productType = "com.apple.product-type.application";
		};
		2F8AC83B1C166997005D6277 /* HTTPS_TESTTests */ = {
			isa = PBXNativeTarget;
			buildConfigurationList = 2F8AC8531C166997005D6277 /* Build configuration list for PBXNativeTarget "HTTPS_TESTTests" */;
			buildPhases = (
				2F8AC8381C166997005D6277 /* Sources */,
				2F8AC8391C166997005D6277 /* Frameworks */,
				2F8AC83A1C166997005D6277 /* Resources */,
			);
			buildRules = (
			);
			dependencies = (
				2F8AC83E1C166997005D6277 /* PBXTargetDependency */,
			);
			name = HTTPS_TESTTests;
			productName = HTTPS_TESTTests;
			productReference = 2F8AC83C1C166997005D6277 /* HTTPS_TESTTests.xctest */;
			productType = "com.apple.product-type.bundle.unit-test";
		};
		2F8AC8461C166997005D6277 /* HTTPS_TESTUITests */ = {
			isa = PBXNativeTarget;
			buildConfigurationList = 2F8AC8561C166997005D6277 /* Build configuration list for PBXNativeTarget "HTTPS_TESTUITests" */;
			buildPhases = (
				2F8AC8431C166997005D6277 /* Sources */,
				2F8AC8441C166997005D6277 /* Frameworks */,
				2F8AC8451C166997005D6277 /* Resources */,
			);
			buildRules = (
			);
			dependencies = (
				2F8AC8491C166997005D6277 /* PBXTargetDependency */,
			);
			name = HTTPS_TESTUITests;
			productName = HTTPS_TESTUITests;
			productReference = 2F8AC8471C166997005D6277 /* HTTPS_TESTUITests.xctest */;
			productType = "com.apple.product-type.bundle.ui-testing";
		};
/* End PBXNativeTarget section */

/* Begin PBXProject section */
		2F8AC81B1C166996005D6277 /* Project object */ = {
			isa = PBXProject;
			attributes = {
				LastUpgradeCheck = 0710;
				ORGANIZATIONNAME = myself;
				TargetAttributes = {
					2F8AC8221C166996005D6277 = {
						CreatedOnToolsVersion = 7.1.1;
						DevelopmentTeam = NMA4FMFSL4;
					};
					2F8AC83B1C166997005D6277 = {
						CreatedOnToolsVersion = 7.1.1;
						DevelopmentTeam = NMA4FMFSL4;
						TestTargetID = 2F8AC8221C166996005D6277;
					};
					2F8AC8461C166997005D6277 = {
						CreatedOnToolsVersion = 7.1.1;
						DevelopmentTeam = NMA4FMFSL4;
						TestTargetID = 2F8AC8221C166996005D6277;
					};
				};
			};
			buildConfigurationList = 2F8AC81E1C166996005D6277 /* Build configuration list for PBXProject "HTTPS_TEST" */;
			compatibilityVersion = "Xcode 3.2";
			developmentRegion = English;
			hasScannedForEncodings = 0;
			knownRegions = (
				en,
				Base,
			);
			mainGroup = 2F8AC81A1C166996005D6277;
			productRefGroup = 2F8AC8241C166997005D6277 /* Products */;
			projectDirPath = "";
			projectRoot = "";
			targets = (
				2F8AC8221C166996005D6277 /* HTTPS_TEST */,
				2F8AC83B1C166997005D6277 /* HTTPS_TESTTests */,
				2F8AC8461C166997005D6277 /* HTTPS_TESTUITests */,
			);
		};
/* End PBXProject section */

/* Begin PBXResourcesBuildPhase section */
		2F8AC8211C166996005D6277 /* Resources */ = {
			isa = PBXResourcesBuildPhase;
			buildActionMask = 2147483647;
			files = (
				2F086C841C17FEF7009D4F60 /* client.key.cer in Resources */,
				2F8AC8361C166997005D6277 /* LaunchScreen.storyboard in Resources */,
				2F8AC8331C166997005D6277 /* Assets.xcassets in Resources */,
				2F8AC8311C166997005D6277 /* Main.storyboard in Resources */,
			);
			runOnlyForDeploymentPostprocessing = 0;
		};
		2F8AC83A1C166997005D6277 /* Resources */ = {
			isa = PBXResourcesBuildPhase;
			buildActionMask = 2147483647;
			files = (
			);
			runOnlyForDeploymentPostprocessing = 0;
		};
		2F8AC8451C166997005D6277 /* Resources */ = {
			isa = PBXResourcesBuildPhase;
			buildActionMask = 2147483647;
			files = (
			);
			runOnlyForDeploymentPostprocessing = 0;
		};
/* End PBXResourcesBuildPhase section */

/* Begin PBXSourcesBuildPhase section */
		2F8AC81F1C166996005D6277 /* Sources */ = {
			isa = PBXSourcesBuildPhase;
			buildActionMask = 2147483647;
			files = (
				2F086C7A1C17FCDA009D4F60 /* AFHTTPRequestOperation.m in Sources */,
				2F8AC82E1C166997005D6277 /* ViewController.m in Sources */,
				2F086C7B1C17FCDA009D4F60 /* AFHTTPRequestOperationManager.m in Sources */,
				2F086C7D1C17FCDA009D4F60 /* AFNetworkReachabilityManager.m in Sources */,
				2F086C811C17FCDA009D4F60 /* AFURLResponseSerialization.m in Sources */,
				2F086C7F1C17FCDA009D4F60 /* AFURLConnectionOperation.m in Sources */,
				2F086C871C180B20009D4F60 /* NSURLRequest+IgnoreSSL.m in Sources */,
				2F086C7E1C17FCDA009D4F60 /* AFSecurityPolicy.m in Sources */,
				2F086C7C1C17FCDA009D4F60 /* AFHTTPSessionManager.m in Sources */,
				2F086C801C17FCDA009D4F60 /* AFURLRequestSerialization.m in Sources */,
				2F086C821C17FCDA009D4F60 /* AFURLSessionManager.m in Sources */,
				2F8AC82B1C166997005D6277 /* AppDelegate.m in Sources */,
				2F8AC8281C166997005D6277 /* main.m in Sources */,
			);
			runOnlyForDeploymentPostprocessing = 0;
		};
		2F8AC8381C166997005D6277 /* Sources */ = {
			isa = PBXSourcesBuildPhase;
			buildActionMask = 2147483647;
			files = (
				2F8AC8411C166997005D6277 /* HTTPS_TESTTests.m in Sources */,
			);
			runOnlyForDeploymentPostprocessing = 0;
		};
		2F8AC8431C166997005D6277 /* Sources */ = {
			isa = PBXSourcesBuildPhase;
			buildActionMask = 2147483647;
			files = (
				2F8AC84C1C166997005D6277 /* HTTPS_TESTUITests.m in Sources */,
			);
			runOnlyForDeploymentPostprocessing = 0;
		};
/* End PBXSourcesBuildPhase section */

/* Begin PBXTargetDependency section */
		2F8AC83E1C166997005D6277 /* PBXTargetDependency */ = {
			isa = PBXTargetDependency;
			target = 2F8AC8221C166996005D6277 /* HTTPS_TEST */;
			targetProxy = 2F8AC83D1C166997005D6277 /* PBXContainerItemProxy */;
		};
		2F8AC8491C166997005D6277 /* PBXTargetDependency */ = {
			isa = PBXTargetDependency;
			target = 2F8AC8221C166996005D6277 /* HTTPS_TEST */;
			targetProxy = 2F8AC8481C166997005D6277 /* PBXContainerItemProxy */;
		};
/* End PBXTargetDependency section */

/* Begin PBXVariantGroup section */
		2F8AC82F1C166997005D6277 /* Main.storyboard */ = {
			isa = PBXVariantGroup;
			children = (
				2F8AC8301C166997005D6277 /* Base */,
			);
			name = Main.storyboard;
			sourceTree = "<group>";
		};
		2F8AC8341C166997005D6277 /* LaunchScreen.storyboard */ = {
			isa = PBXVariantGroup;
			children = (
				2F8AC8351C166997005D6277 /* Base */,
			);
			name = LaunchScreen.storyboard;
			sourceTree = "<group>";
		};
/* End PBXVariantGroup section */

/* Begin XCBuildConfiguration section */
		2F8AC84E1C166997005D6277 /* Debug */ = {
			isa = XCBuildConfiguration;
			buildSettings = {
				ALWAYS_SEARCH_USER_PATHS = NO;
				CLANG_CXX_LANGUAGE_STANDARD = "gnu++0x";
				CLANG_CXX_LIBRARY = "libc++";
				CLANG_ENABLE_MODULES = YES;
				CLANG_ENABLE_OBJC_ARC = YES;
				CLANG_WARN_BOOL_CONVERSION = YES;
				CLANG_WARN_CONSTANT_CONVERSION = YES;
				CLANG_WARN_DIRECT_OBJC_ISA_USAGE = YES_ERROR;
				CLANG_WARN_EMPTY_BODY = YES;
				CLANG_WARN_ENUM_CONVERSION = YES;
				CLANG_WARN_INT_CONVERSION = YES;
				CLANG_WARN_OBJC_ROOT_CLASS = YES_ERROR;
				CLANG_WARN_UNREACHABLE_CODE = YES;
				CLANG_WARN__DUPLICATE_METHOD_MATCH = YES;
				"CODE_SIGN_IDENTITY[sdk=iphoneos*]" = "iPhone Developer";
				COPY_PHASE_STRIP = NO;
				DEBUG_INFORMATION_FORMAT = dwarf;
				ENABLE_STRICT_OBJC_MSGSEND = YES;
				ENABLE_TESTABILITY = YES;
				GCC_C_LANGUAGE_STANDARD = gnu99;
				GCC_DYNAMIC_NO_PIC = NO;
				GCC_NO_COMMON_BLOCKS = YES;
				GCC_OPTIMIZATION_LEVEL = 0;
				GCC_PREPROCESSOR_DEFINITIONS = (
					"DEBUG=1",
					"$(inherited)",
				);
				GCC_WARN_64_TO_32_BIT_CONVERSION = YES;
				GCC_WARN_ABOUT_RETURN_TYPE = YES_ERROR;
				GCC_WARN_UNDECLARED_SELECTOR = YES;
				GCC_WARN_UNINITIALIZED_AUTOS = YES_AGGRESSIVE;
				GCC_WARN_UNUSED_FUNCTION = YES;
				GCC_WARN_UNUSED_VARIABLE = YES;
				IPHONEOS_DEPLOYMENT_TARGET = 9.1;
				MTL_ENABLE_DEBUG_INFO = YES;
				ONLY_ACTIVE_ARCH = YES;
				SDKROOT = iphoneos;
			};
			name = Debug;
		};
		2F8AC84F1C166997005D6277 /* Release */ = {
			isa = XCBuildConfiguration;
			buildSettings = {
				ALWAYS_SEARCH_USER_PATHS = NO;
				CLANG_CXX_LANGUAGE_STANDARD = "gnu++0x";
				CLANG_CXX_LIBRARY = "libc++";
				CLANG_ENABLE_MODULES = YES;
				CLANG_ENABLE_OBJC_ARC = YES;
				CLANG_WARN_BOOL_CONVERSION = YES;
				CLANG_WARN_CONSTANT_CONVERSION = YES;
				CLANG_WARN_DIRECT_OBJC_ISA_USAGE = YES_ERROR;
				CLANG_WARN_EMPTY_BODY = YES;
				CLANG_WARN_ENUM_CONVERSION = YES;
				CLANG_WARN_INT_CONVERSION = YES;
				CLANG_WARN_OBJC_ROOT_CLASS = YES_ERROR;
				CLANG_WARN_UNREACHABLE_CODE = YES;
				CLANG_WARN__DUPLICATE_METHOD_MATCH = YES;
				"CODE_SIGN_IDENTITY[sdk=iphoneos*]" = "iPhone Developer";
				COPY_PHASE_STRIP = NO;
				DEBUG_INFORMATION_FORMAT = "dwarf-with-dsym";
				ENABLE_NS_ASSERTIONS = NO;
				ENABLE_STRICT_OBJC_MSGSEND = YES;
				GCC_C_LANGUAGE_STANDARD = gnu99;
				GCC_NO_COMMON_BLOCKS = YES;
				GCC_WARN_64_TO_32_BIT_CONVERSION = YES;
				GCC_WARN_ABOUT_RETURN_TYPE = YES_ERROR;
				GCC_WARN_UNDECLARED_SELECTOR = YES;
				GCC_WARN_UNINITIALIZED_AUTOS = YES_AGGRESSIVE;
				GCC_WARN_UNUSED_FUNCTION = YES;
				GCC_WARN_UNUSED_VARIABLE = YES;
				IPHONEOS_DEPLOYMENT_TARGET = 9.1;
				MTL_ENABLE_DEBUG_INFO = NO;
				SDKROOT = iphoneos;
				VALIDATE_PRODUCT = YES;
			};
			name = Release;
		};
		2F8AC8511C166997005D6277 /* Debug */ = {
			isa = XCBuildConfiguration;
			buildSettings = {
				ASSETCATALOG_COMPILER_APPICON_NAME = AppIcon;
				INFOPLIST_FILE = HTTPS_TEST/Info.plist;
				LD_RUNPATH_SEARCH_PATHS = "$(inherited) @executable_path/Frameworks";
				PRODUCT_BUNDLE_IDENTIFIER = "hnulab.HTTPS-TEST";
				PRODUCT_NAME = "$(TARGET_NAME)";
			};
			name = Debug;
		};
		2F8AC8521C166997005D6277 /* Release */ = {
			isa = XCBuildConfiguration;
			buildSettings = {
				ASSETCATALOG_COMPILER_APPICON_NAME = AppIcon;
				INFOPLIST_FILE = HTTPS_TEST/Info.plist;
				LD_RUNPATH_SEARCH_PATHS = "$(inherited) @executable_path/Frameworks";
				PRODUCT_BUNDLE_IDENTIFIER = "hnulab.HTTPS-TEST";
				PRODUCT_NAME = "$(TARGET_NAME)";
			};
			name = Release;
		};
		2F8AC8541C166997005D6277 /* Debug */ = {
			isa = XCBuildConfiguration;
			buildSettings = {
				BUNDLE_LOADER = "$(TEST_HOST)";
				INFOPLIST_FILE = HTTPS_TESTTests/Info.plist;
				LD_RUNPATH_SEARCH_PATHS = "$(inherited) @executable_path/Frameworks @loader_path/Frameworks";
				PRODUCT_BUNDLE_IDENTIFIER = "hnulab.HTTPS-TESTTests";
				PRODUCT_NAME = "$(TARGET_NAME)";
				TEST_HOST = "$(BUILT_PRODUCTS_DIR)/HTTPS_TEST.app/HTTPS_TEST";
			};
			name = Debug;
		};
		2F8AC8551C166997005D6277 /* Release */ = {
			isa = XCBuildConfiguration;
			buildSettings = {
				BUNDLE_LOADER = "$(TEST_HOST)";
				INFOPLIST_FILE = HTTPS_TESTTests/Info.plist;
				LD_RUNPATH_SEARCH_PATHS = "$(inherited) @executable_path/Frameworks @loader_path/Frameworks";
				PRODUCT_BUNDLE_IDENTIFIER = "hnulab.HTTPS-TESTTests";
				PRODUCT_NAME = "$(TARGET_NAME)";
				TEST_HOST = "$(BUILT_PRODUCTS_DIR)/HTTPS_TEST.app/HTTPS_TEST";
			};
			name = Release;
		};
		2F8AC8571C166997005D6277 /* Debug */ = {
			isa = XCBuildConfiguration;
			buildSettings = {
				INFOPLIST_FILE = HTTPS_TESTUITests/Info.plist;
				LD_RUNPATH_SEARCH_PATHS = "$(inherited) @executable_path/Frameworks @loader_path/Frameworks";
				PRODUCT_BUNDLE_IDENTIFIER = "hnulab.HTTPS-TESTUITests";
				PRODUCT_NAME = "$(TARGET_NAME)";
				TEST_TARGET_NAME = HTTPS_TEST;
				USES_XCTRUNNER = YES;
			};
			name = Debug;
		};
		2F8AC8581C166997005D6277 /* Release */ = {
			isa = XCBuildConfiguration;
			buildSettings = {
				INFOPLIST_FILE = HTTPS_TESTUITests/Info.plist;
				LD_RUNPATH_SEARCH_PATHS = "$(inherited) @executable_path/Frameworks @loader_path/Frameworks";
				PRODUCT_BUNDLE_IDENTIFIER = "hnulab.HTTPS-TESTUITests";
				PRODUCT_NAME = "$(TARGET_NAME)";
				TEST_TARGET_NAME = HTTPS_TEST;
				USES_XCTRUNNER = YES;
			};
			name = Release;
		};
/* End XCBuildConfiguration section */

/* Begin XCConfigurationList section */
		2F8AC81E1C166996005D6277 /* Build configuration list for PBXProject "HTTPS_TEST" */ = {
			isa = XCConfigurationList;
			buildConfigurations = (
				2F8AC84E1C166997005D6277 /* Debug */,
				2F8AC84F1C166997005D6277 /* Release */,
			);
			defaultConfigurationIsVisible = 0;
			defaultConfigurationName = Release;
		};
		2F8AC8501C166997005D6277 /* Build configuration list for PBXNativeTarget "HTTPS_TEST" */ = {
			isa = XCConfigurationList;
			buildConfigurations = (
				2F8AC8511C166997005D6277 /* Debug */,
				2F8AC8521C166997005D6277 /* Release */,
			);
			defaultConfigurationIsVisible = 0;
			defaultConfigurationName = Release;
		};
		2F8AC8531C166997005D6277 /* Build configuration list for PBXNativeTarget "HTTPS_TESTTests" */ = {
			isa = XCConfigurationList;
			buildConfigurations = (
				2F8AC8541C166997005D6277 /* Debug */,
				2F8AC8551C166997005D6277 /* Release */,
			);
			defaultConfigurationIsVisible = 0;
			defaultConfigurationName = Release;
		};
		2F8AC8561C166997005D6277 /* Build configuration list for PBXNativeTarget "HTTPS_TESTUITests" */ = {
			isa = XCConfigurationList;
			buildConfigurations = (
				2F8AC8571C166997005D6277 /* Debug */,
				2F8AC8581C166997005D6277 /* Release */,
			);
			defaultConfigurationIsVisible = 0;
			defaultConfigurationName = Release;
		};
/* End XCConfigurationList section */
	};
	rootObject = 2F8AC81B1C166996005D6277 /* Project object */;
}
